
Microsoft Visual Studio Solution File, Format Version 12.00
# Visual Studio Version 17
VisualStudioVersion = 17.0.31903.59
MinimumVisualStudioVersion = 10.0.40219.1
Project("{FAE04EC0-301F-11D3-BF4B-00C04F79EFBC}") = "PhysicsWorldPublicLibrary", "PhysicsWorldPublicLibrary\PhysicsWorldPublicLibrary.csproj", "{CE5A3184-CAC3-4B4C-9C5F-DE092A3C7AE8}"
EndProject
Project("{FAE04EC0-301F-11D3-BF4B-00C04F79EFBC}") = "PhysicsWorldLauncher.Main", "PhysicsWorldLauncher.Main\PhysicsWorldLauncher.Main.csproj", "{C9B24796-B356-45AE-8DD2-9E0BCBCBC276}"
EndProject
Global
	GlobalSection(SolutionConfigurationPlatforms) = preSolution
		Debug|Any CPU = Debug|Any CPU
		Debug|x64 = Debug|x64
		Debug|x86 = Debug|x86
		Release|Any CPU = Release|Any CPU
		Release|x64 = Release|x64
		Release|x86 = Release|x86
	EndGlobalSection
	GlobalSection(ProjectConfigurationPlatforms) = postSolution
		{CE5A3184-CAC3-4B4C-9C5F-DE092A3C7AE8}.Debug|Any CPU.ActiveCfg = Debug|Any CPU
		{CE5A3184-CAC3-4B4C-9C5F-DE092A3C7AE8}.Debug|Any CPU.Build.0 = Debug|Any CPU
		{CE5A3184-CAC3-4B4C-9C5F-DE092A3C7AE8}.Debug|x64.ActiveCfg = Debug|Any CPU
		{CE5A3184-CAC3-4B4C-9C5F-DE092A3C7AE8}.Debug|x64.Build.0 = Debug|Any CPU
		{CE5A3184-CAC3-4B4C-9C5F-DE092A3C7AE8}.Debug|x86.ActiveCfg = Debug|Any CPU
		{CE5A3184-CAC3-4B4C-9C5F-DE092A3C7AE8}.Debug|x86.Build.0 = Debug|Any CPU
		{CE5A3184-CAC3-4B4C-9C5F-DE092A3C7AE8}.Release|Any CPU.ActiveCfg = Release|Any CPU
		{CE5A3184-CAC3-4B4C-9C5F-DE092A3C7AE8}.Release|Any CPU.Build.0 = Release|Any CPU
		{CE5A3184-CAC3-4B4C-9C5F-DE092A3C7AE8}.Release|x64.ActiveCfg = Release|Any CPU
		{CE5A3184-CAC3-4B4C-9C5F-DE092A3C7AE8}.Release|x64.Build.0 = Release|Any CPU
		{CE5A3184-CAC3-4B4C-9C5F-DE092A3C7AE8}.Release|x86.ActiveCfg = Release|Any CPU
		{CE5A3184-CAC3-4B4C-9C5F-DE092A3C7AE8}.Release|x86.Build.0 = Release|Any CPU
		{C9B24796-B356-45AE-8DD2-9E0BCBCBC276}.Debug|Any CPU.ActiveCfg = Debug|Any CPU
		{C9B24796-B356-45AE-8DD2-9E0BCBCBC276}.Debug|Any CPU.Build.0 = Debug|Any CPU
		{C9B24796-B356-45AE-8DD2-9E0BCBCBC276}.Debug|x64.ActiveCfg = Debug|Any CPU
		{C9B24796-B356-45AE-8DD2-9E0BCBCBC276}.Debug|x64.Build.0 = Debug|Any CPU
		{C9B24796-B356-45AE-8DD2-9E0BCBCBC276}.Debug|x86.ActiveCfg = Debug|Any CPU
		{C9B24796-B356-45AE-8DD2-9E0BCBCBC276}.Debug|x86.Build.0 = Debug|Any CPU
		{C9B24796-B356-45AE-8DD2-9E0BCBCBC276}.Release|Any CPU.ActiveCfg = Release|Any CPU
		{C9B24796-B356-45AE-8DD2-9E0BCBCBC276}.Release|Any CPU.Build.0 = Release|Any CPU
		{C9B24796-B356-45AE-8DD2-9E0BCBCBC276}.Release|x64.ActiveCfg = Release|Any CPU
		{C9B24796-B356-45AE-8DD2-9E0BCBCBC276}.Release|x64.Build.0 = Release|Any CPU
		{C9B24796-B356-45AE-8DD2-9E0BCBCBC276}.Release|x86.ActiveCfg = Release|Any CPU
		{C9B24796-B356-45AE-8DD2-9E0BCBCBC276}.Release|x86.Build.0 = Release|Any CPU
	EndGlobalSection
	GlobalSection(SolutionProperties) = preSolution
		HideSolutionNode = FALSE
	EndGlobalSection
EndGlobal
